
Microsoft Visual Studio Solution File, Format Version 12.00
# Visual Studio Version 16
VisualStudioVersion = 16.0.29503.13
MinimumVisualStudioVersion = 10.0.40219.1
Project("{9A19103F-16F7-4668-BE54-9A1E7A4F7556}") = "HqPlusAssignment Task2", "HqPlusAssignment Task2\HqPlusAssignment Task2.csproj", "{E957A73A-F54C-4C3A-BF31-EBD1EEA6ACEB}"
EndProject
Project("{FAE04EC0-301F-11D3-BF4B-00C04F79EFBC}") = "HqPlusAssignment Task2 Tests", "HqPlusAssignment Task2 Tests\HqPlusAssignment Task2 Tests.csproj", "{778AAEBB-0EE6-4CDA-B4D2-7D0EE4DAEE92}"
EndProject
Global
	GlobalSection(SolutionConfigurationPlatforms) = preSolution
		Debug|Any CPU = Debug|Any CPU
		Release|Any CPU = Release|Any CPU
	EndGlobalSection
	GlobalSection(ProjectConfigurationPlatforms) = postSolution
		{E957A73A-F54C-4C3A-BF31-EBD1EEA6ACEB}.Debug|Any CPU.ActiveCfg = Debug|Any CPU
		{E957A73A-F54C-4C3A-BF31-EBD1EEA6ACEB}.Debug|Any CPU.Build.0 = Debug|Any CPU
		{E957A73A-F54C-4C3A-BF31-EBD1EEA6ACEB}.Release|Any CPU.ActiveCfg = Release|Any CPU
		{E957A73A-F54C-4C3A-BF31-EBD1EEA6ACEB}.Release|Any CPU.Build.0 = Release|Any CPU
		{778AAEBB-0EE6-4CDA-B4D2-7D0EE4DAEE92}.Debug|Any CPU.ActiveCfg = Debug|Any CPU
		{778AAEBB-0EE6-4CDA-B4D2-7D0EE4DAEE92}.Debug|Any CPU.Build.0 = Debug|Any CPU
		{778AAEBB-0EE6-4CDA-B4D2-7D0EE4DAEE92}.Release|Any CPU.ActiveCfg = Release|Any CPU
		{778AAEBB-0EE6-4CDA-B4D2-7D0EE4DAEE92}.Release|Any CPU.Build.0 = Release|Any CPU
	EndGlobalSection
	GlobalSection(SolutionProperties) = preSolution
		HideSolutionNode = FALSE
	EndGlobalSection
	GlobalSection(ExtensibilityGlobals) = postSolution
		SolutionGuid = {F5FDCD67-2908-4D86-B095-C17A52E480CD}
	EndGlobalSection
EndGlobal
